
Microsoft Visual Studio Solution File, Format Version 12.00
# Visual Studio Version 16
VisualStudioVersion = 16.0.30114.105
MinimumVisualStudioVersion = 10.0.40219.1
Project("{FAE04EC0-301F-11D3-BF4B-00C04F79EFBC}") = "Data", "Data\Data.csproj", "{787BF309-EDA9-4C6F-A958-4420632851FA}"
EndProject
Project("{FAE04EC0-301F-11D3-BF4B-00C04F79EFBC}") = "MiBand2DLL", "MiBand2DLL\MiBand2DLL.csproj", "{9AB3704C-0E7F-4DD8-A133-EFD658CCEF3C}"
EndProject
Project("{9A19103F-16F7-4668-BE54-9A1E7A4F7556}") = "BackgroundServer", "BackgroundServer\BackgroundServer.csproj", "{E7AC6AB9-1DF7-4E19-AD26-296E194FBECA}"
EndProject
Project("{FAE04EC0-301F-11D3-BF4B-00C04F79EFBC}") = "MiBand2DLLTesting", "MiBand2DLLTesting\MiBand2DLLTesting.csproj", "{EB0696C6-B1E7-42BA-86A8-6BC08C492287}"
EndProject
Global
	GlobalSection(SolutionConfigurationPlatforms) = preSolution
		Debug|Any CPU = Debug|Any CPU
		Release|Any CPU = Release|Any CPU
	EndGlobalSection
	GlobalSection(ProjectConfigurationPlatforms) = postSolution
		{787BF309-EDA9-4C6F-A958-4420632851FA}.Debug|Any CPU.ActiveCfg = Debug|Any CPU
		{787BF309-EDA9-4C6F-A958-4420632851FA}.Debug|Any CPU.Build.0 = Debug|Any CPU
		{787BF309-EDA9-4C6F-A958-4420632851FA}.Release|Any CPU.ActiveCfg = Release|Any CPU
		{787BF309-EDA9-4C6F-A958-4420632851FA}.Release|Any CPU.Build.0 = Release|Any CPU
		{9AB3704C-0E7F-4DD8-A133-EFD658CCEF3C}.Debug|Any CPU.ActiveCfg = Debug|Any CPU
		{9AB3704C-0E7F-4DD8-A133-EFD658CCEF3C}.Debug|Any CPU.Build.0 = Debug|Any CPU
		{9AB3704C-0E7F-4DD8-A133-EFD658CCEF3C}.Release|Any CPU.ActiveCfg = Release|Any CPU
		{9AB3704C-0E7F-4DD8-A133-EFD658CCEF3C}.Release|Any CPU.Build.0 = Release|Any CPU
		{E7AC6AB9-1DF7-4E19-AD26-296E194FBECA}.Debug|Any CPU.ActiveCfg = Debug|Any CPU
		{E7AC6AB9-1DF7-4E19-AD26-296E194FBECA}.Debug|Any CPU.Build.0 = Debug|Any CPU
		{E7AC6AB9-1DF7-4E19-AD26-296E194FBECA}.Release|Any CPU.ActiveCfg = Release|Any CPU
		{E7AC6AB9-1DF7-4E19-AD26-296E194FBECA}.Release|Any CPU.Build.0 = Release|Any CPU
		{EB0696C6-B1E7-42BA-86A8-6BC08C492287}.Debug|Any CPU.ActiveCfg = Debug|Any CPU
		{EB0696C6-B1E7-42BA-86A8-6BC08C492287}.Debug|Any CPU.Build.0 = Debug|Any CPU
		{EB0696C6-B1E7-42BA-86A8-6BC08C492287}.Release|Any CPU.ActiveCfg = Release|Any CPU
		{EB0696C6-B1E7-42BA-86A8-6BC08C492287}.Release|Any CPU.Build.0 = Release|Any CPU
	EndGlobalSection
	GlobalSection(SolutionProperties) = preSolution
		HideSolutionNode = FALSE
	EndGlobalSection
	GlobalSection(ExtensibilityGlobals) = postSolution
		SolutionGuid = {0056871E-1DBF-49B8-9513-60C3194AD47C}
	EndGlobalSection
EndGlobal
